// !$*UTF8*$!
{
	archiveVersion = 1;
	classes = {
	};
	objectVersion = 46;
	objects = {

/* Begin PBXBuildFile section */
		7F3035B21CB845A800164D3B /* AppDelegate.swift in Sources */ = {isa = PBXBuildFile; fileRef = 7F3035B11CB845A800164D3B /* AppDelegate.swift */; };
		7F3035B41CB845A800164D3B /* RecordSoundsViewController.swift in Sources */ = {isa = PBXBuildFile; fileRef = 7F3035B31CB845A800164D3B /* RecordSoundsViewController.swift */; };
		7F3035B71CB845A800164D3B /* Main.storyboard in Resources */ = {isa = PBXBuildFile; fileRef = 7F3035B51CB845A800164D3B /* Main.storyboard */; };
		7F3035B91CB845A800164D3B /* Assets.xcassets in Resources */ = {isa = PBXBuildFile; fileRef = 7F3035B81CB845A800164D3B /* Assets.xcassets */; };
		7F3035BC1CB845A800164D3B /* LaunchScreen.storyboard in Resources */ = {isa = PBXBuildFile; fileRef = 7F3035BA1CB845A800164D3B /* LaunchScreen.storyboard */; };
		7F3035C71CB845A800164D3B /* PitchPerfectTests.swift in Sources */ = {isa = PBXBuildFile; fileRef = 7F3035C61CB845A800164D3B /* PitchPerfectTests.swift */; };
		7F3035D21CB845A800164D3B /* PitchPerfectUITests.swift in Sources */ = {isa = PBXBuildFile; fileRef = 7F3035D11CB845A800164D3B /* PitchPerfectUITests.swift */; };
/* End PBXBuildFile section */

/* Begin PBXContainerItemProxy section */
		7F3035C31CB845A800164D3B /* PBXContainerItemProxy */ = {
			isa = PBXContainerItemProxy;
			containerPortal = 7F3035A61CB845A800164D3B /* Project object */;
			proxyType = 1;
			remoteGlobalIDString = 7F3035AD1CB845A800164D3B;
			remoteInfo = PitchPerfect;
		};
		7F3035CE1CB845A800164D3B /* PBXContainerItemProxy */ = {
			isa = PBXContainerItemProxy;
			containerPortal = 7F3035A61CB845A800164D3B /* Project object */;
			proxyType = 1;
			remoteGlobalIDString = 7F3035AD1CB845A800164D3B;
			remoteInfo = PitchPerfect;
		};
/* End PBXContainerItemProxy section */

/* Begin PBXFileReference section */
		7F3035AE1CB845A800164D3B /* PitchPerfect.app */ = {isa = PBXFileReference; explicitFileType = wrapper.application; includeInIndex = 0; path = PitchPerfect.app; sourceTree = BUILT_PRODUCTS_DIR; };
		7F3035B11CB845A800164D3B /* AppDelegate.swift */ = {isa = PBXFileReference; lastKnownFileType = sourcecode.swift; path = AppDelegate.swift; sourceTree = "<group>"; };
		7F3035B31CB845A800164D3B /* RecordSoundsViewController.swift */ = {isa = PBXFileReference; lastKnownFileType = sourcecode.swift; path = RecordSoundsViewController.swift; sourceTree = "<group>"; };
		7F3035B61CB845A800164D3B /* Base */ = {isa = PBXFileReference; lastKnownFileType = file.storyboard; name = Base; path = Base.lproj/Main.storyboard; sourceTree = "<group>"; };
		7F3035B81CB845A800164D3B /* Assets.xcassets */ = {isa = PBXFileReference; lastKnownFileType = folder.assetcatalog; path = Assets.xcassets; sourceTree = "<group>"; };
		7F3035BB1CB845A800164D3B /* Base */ = {isa = PBXFileReference; lastKnownFileType = file.storyboard; name = Base; path = Base.lproj/LaunchScreen.storyboard; sourceTree = "<group>"; };
		7F3035BD1CB845A800164D3B /* Info.plist */ = {isa = PBXFileReference; lastKnownFileType = text.plist.xml; path = Info.plist; sourceTree = "<group>"; };
		7F3035C21CB845A800164D3B /* PitchPerfectTests.xctest */ = {isa = PBXFileReference; explicitFileType = wrapper.cfbundle; includeInIndex = 0; path = PitchPerfectTests.xctest; sourceTree = BUILT_PRODUCTS_DIR; };
		7F3035C61CB845A800164D3B /* PitchPerfectTests.swift */ = {isa = PBXFileReference; lastKnownFileType = sourcecode.swift; path = PitchPerfectTests.swift; sourceTree = "<group>"; };
		7F3035C81CB845A800164D3B /* Info.plist */ = {isa = PBXFileReference; lastKnownFileType = text.plist.xml; path = Info.plist; sourceTree = "<group>"; };
		7F3035CD1CB845A800164D3B /* PitchPerfectUITests.xctest */ = {isa = PBXFileReference; explicitFileType = wrapper.cfbundle; includeInIndex = 0; path = PitchPerfectUITests.xctest; sourceTree = BUILT_PRODUCTS_DIR; };
		7F3035D11CB845A800164D3B /* PitchPerfectUITests.swift */ = {isa = PBXFileReference; lastKnownFileType = sourcecode.swift; path = PitchPerfectUITests.swift; sourceTree = "<group>"; };
		7F3035D31CB845A800164D3B /* Info.plist */ = {isa = PBXFileReference; lastKnownFileType = text.plist.xml; path = Info.plist; sourceTree = "<group>"; };
/* End PBXFileReference section */

/* Begin PBXFrameworksBuildPhase section */
		7F3035AB1CB845A800164D3B /* Frameworks */ = {
			isa = PBXFrameworksBuildPhase;
			buildActionMask = 2147483647;
			files = (
			);
			runOnlyForDeploymentPostprocessing = 0;
		};
		7F3035BF1CB845A800164D3B /* Frameworks */ = {
			isa = PBXFrameworksBuildPhase;
			buildActionMask = 2147483647;
			files = (
			);
			runOnlyForDeploymentPostprocessing = 0;
		};
		7F3035CA1CB845A800164D3B /* Frameworks */ = {
			isa = PBXFrameworksBuildPhase;
			buildActionMask = 2147483647;
			files = (
			);
			runOnlyForDeploymentPostprocessing = 0;
		};
/* End PBXFrameworksBuildPhase section */

/* Begin PBXGroup section */
		7F3035A51CB845A800164D3B = {
			isa = PBXGroup;
			children = (
				7F3035B01CB845A800164D3B /* PitchPerfect */,
				7F3035C51CB845A800164D3B /* PitchPerfectTests */,
				7F3035D01CB845A800164D3B /* PitchPerfectUITests */,
				7F3035AF1CB845A800164D3B /* Products */,
			);
			sourceTree = "<group>";
		};
		7F3035AF1CB845A800164D3B /* Products */ = {
			isa = PBXGroup;
			children = (
				7F3035AE1CB845A800164D3B /* PitchPerfect.app */,
				7F3035C21CB845A800164D3B /* PitchPerfectTests.xctest */,
				7F3035CD1CB845A800164D3B /* PitchPerfectUITests.xctest */,
			);
			name = Products;
			sourceTree = "<group>";
		};
		7F3035B01CB845A800164D3B /* PitchPerfect */ = {
			isa = PBXGroup;
			children = (
				7F3035B11CB845A800164D3B /* AppDelegate.swift */,
				7F3035B31CB845A800164D3B /* RecordSoundsViewController.swift */,
				7F3035B51CB845A800164D3B /* Main.storyboard */,
				7F3035B81CB845A800164D3B /* Assets.xcassets */,
				7F3035BA1CB845A800164D3B /* LaunchScreen.storyboard */,
				7F3035BD1CB845A800164D3B /* Info.plist */,
			);
			path = PitchPerfect;
			sourceTree = "<group>";
		};
		7F3035C51CB845A800164D3B /* PitchPerfectTests */ = {
			isa = PBXGroup;
			children = (
				7F3035C61CB845A800164D3B /* PitchPerfectTests.swift */,
				7F3035C81CB845A800164D3B /* Info.plist */,
			);
			path = PitchPerfectTests;
			sourceTree = "<group>";
		};
		7F3035D01CB845A800164D3B /* PitchPerfectUITests */ = {
			isa = PBXGroup;
			children = (
				7F3035D11CB845A800164D3B /* PitchPerfectUITests.swift */,
				7F3035D31CB845A800164D3B /* Info.plist */,
			);
			path = PitchPerfectUITests;
			sourceTree = "<group>";
		};
/* End PBXGroup section */

/* Begin PBXNativeTarget section */
		7F3035AD1CB845A800164D3B /* PitchPerfect */ = {
			isa = PBXNativeTarget;
			buildConfigurationList = 7F3035D61CB845A800164D3B /* Build configuration list for PBXNativeTarget "PitchPerfect" */;
			buildPhases = (
				7F3035AA1CB845A800164D3B /* Sources */,
				7F3035AB1CB845A800164D3B /* Frameworks */,
				7F3035AC1CB845A800164D3B /* Resources */,
			);
			buildRules = (
			);
			dependencies = (
			);
			name = PitchPerfect;
			productName = PitchPerfect;
			productReference = 7F3035AE1CB845A800164D3B /* PitchPerfect.app */;
			productType = "com.apple.product-type.application";
		};
		7F3035C11CB845A800164D3B /* PitchPerfectTests */ = {
			isa = PBXNativeTarget;
			buildConfigurationList = 7F3035D91CB845A800164D3B /* Build configuration list for PBXNativeTarget "PitchPerfectTests" */;
			buildPhases = (
				7F3035BE1CB845A800164D3B /* Sources */,
				7F3035BF1CB845A800164D3B /* Frameworks */,
				7F3035C01CB845A800164D3B /* Resources */,
			);
			buildRules = (
			);
			dependencies = (
				7F3035C41CB845A800164D3B /* PBXTargetDependency */,
			);
			name = PitchPerfectTests;
			productName = PitchPerfectTests;
			productReference = 7F3035C21CB845A800164D3B /* PitchPerfectTests.xctest */;
			productType = "com.apple.product-type.bundle.unit-test";
		};
		7F3035CC1CB845A800164D3B /* PitchPerfectUITests */ = {
			isa = PBXNativeTarget;
			buildConfigurationList = 7F3035DC1CB845A800164D3B /* Build configuration list for PBXNativeTarget "PitchPerfectUITests" */;
			buildPhases = (
				7F3035C91CB845A800164D3B /* Sources */,
				7F3035CA1CB845A800164D3B /* Frameworks */,
				7F3035CB1CB845A800164D3B /* Resources */,
			);
			buildRules = (
			);
			dependencies = (
				7F3035CF1CB845A800164D3B /* PBXTargetDependency */,
			);
			name = PitchPerfectUITests;
			productName = PitchPerfectUITests;
			productReference = 7F3035CD1CB845A800164D3B /* PitchPerfectUITests.xctest */;
			productType = "com.apple.product-type.bundle.ui-testing";
		};
/* End PBXNativeTarget section */

/* Begin PBXProject section */
		7F3035A61CB845A800164D3B /* Project object */ = {
			isa = PBXProject;
			attributes = {
				LastSwiftUpdateCheck = 0720;
				LastUpgradeCheck = 0720;
				ORGANIZATIONNAME = "Belinda Vennam";
				TargetAttributes = {
					7F3035AD1CB845A800164D3B = {
						CreatedOnToolsVersion = 7.2.1;
					};
					7F3035C11CB845A800164D3B = {
						CreatedOnToolsVersion = 7.2.1;
						TestTargetID = 7F3035AD1CB845A800164D3B;
					};
					7F3035CC1CB845A800164D3B = {
						CreatedOnToolsVersion = 7.2.1;
						TestTargetID = 7F3035AD1CB845A800164D3B;
					};
				};
			};
			buildConfigurationList = 7F3035A91CB845A800164D3B /* Build configuration list for PBXProject "PitchPerfect" */;
			compatibilityVersion = "Xcode 3.2";
			developmentRegion = English;
			hasScannedForEncodings = 0;
			knownRegions = (
				en,
				Base,
			);
			mainGroup = 7F3035A51CB845A800164D3B;
			productRefGroup = 7F3035AF1CB845A800164D3B /* Products */;
			projectDirPath = "";
			projectRoot = "";
			targets = (
				7F3035AD1CB845A800164D3B /* PitchPerfect */,
				7F3035C11CB845A800164D3B /* PitchPerfectTests */,
				7F3035CC1CB845A800164D3B /* PitchPerfectUITests */,
			);
		};
/* End PBXProject section */

/* Begin PBXResourcesBuildPhase section */
		7F3035AC1CB845A800164D3B /* Resources */ = {
			isa = PBXResourcesBuildPhase;
			buildActionMask = 2147483647;
			files = (
				7F3035BC1CB845A800164D3B /* LaunchScreen.storyboard in Resources */,
				7F3035B91CB845A800164D3B /* Assets.xcassets in Resources */,
				7F3035B71CB845A800164D3B /* Main.storyboard in Resources */,
			);
			runOnlyForDeploymentPostprocessing = 0;
		};
		7F3035C01CB845A800164D3B /* Resources */ = {
			isa = PBXResourcesBuildPhase;
			buildActionMask = 2147483647;
			files = (
			);
			runOnlyForDeploymentPostprocessing = 0;
		};
		7F3035CB1CB845A800164D3B /* Resources */ = {
			isa = PBXResourcesBuildPhase;
			buildActionMask = 2147483647;
			files = (
			);
			runOnlyForDeploymentPostprocessing = 0;
		};
/* End PBXResourcesBuildPhase section */

/* Begin PBXSourcesBuildPhase section */
		7F3035AA1CB845A800164D3B /* Sources */ = {
			isa = PBXSourcesBuildPhase;
			buildActionMask = 2147483647;
			files = (
				7F3035B41CB845A800164D3B /* RecordSoundsViewController.swift in Sources */,
				7F3035B21CB845A800164D3B /* AppDelegate.swift in Sources */,
			);
			runOnlyForDeploymentPostprocessing = 0;
		};
		7F3035BE1CB845A800164D3B /* Sources */ = {
			isa = PBXSourcesBuildPhase;
			buildActionMask = 2147483647;
			files = (
				7F3035C71CB845A800164D3B /* PitchPerfectTests.swift in Sources */,
			);
			runOnlyForDeploymentPostprocessing = 0;
		};
		7F3035C91CB845A800164D3B /* Sources */ = {
			isa = PBXSourcesBuildPhase;
			buildActionMask = 2147483647;
			files = (
				7F3035D21CB845A800164D3B /* PitchPerfectUITests.swift in Sources */,
			);
			runOnlyForDeploymentPostprocessing = 0;
		};
/* End PBXSourcesBuildPhase section */

/* Begin PBXTargetDependency section */
		7F3035C41CB845A800164D3B /* PBXTargetDependency */ = {
			isa = PBXTargetDependency;
			target = 7F3035AD1CB845A800164D3B /* PitchPerfect */;
			targetProxy = 7F3035C31CB845A800164D3B /* PBXContainerItemProxy */;
		};
		7F3035CF1CB845A800164D3B /* PBXTargetDependency */ = {
			isa = PBXTargetDependency;
			target = 7F3035AD1CB845A800164D3B /* PitchPerfect */;
			targetProxy = 7F3035CE1CB845A800164D3B /* PBXContainerItemProxy */;
		};
/* End PBXTargetDependency section */

/* Begin PBXVariantGroup section */
		7F3035B51CB845A800164D3B /* Main.storyboard */ = {
			isa = PBXVariantGroup;
			children = (
				7F3035B61CB845A800164D3B /* Base */,
			);
			name = Main.storyboard;
			sourceTree = "<group>";
		};
		7F3035BA1CB845A800164D3B /* LaunchScreen.storyboard */ = {
			isa = PBXVariantGroup;
			children = (
				7F3035BB1CB845A800164D3B /* Base */,
			);
			name = LaunchScreen.storyboard;
			sourceTree = "<group>";
		};
/* End PBXVariantGroup section */

/* Begin XCBuildConfiguration section */
		7F3035D41CB845A800164D3B /* Debug */ = {
			isa = XCBuildConfiguration;
			buildSettings = {
				ALWAYS_SEARCH_USER_PATHS = NO;
				CLANG_CXX_LANGUAGE_STANDARD = "gnu++0x";
				CLANG_CXX_LIBRARY = "libc++";
				CLANG_ENABLE_MODULES = YES;
				CLANG_ENABLE_OBJC_ARC = YES;
				CLANG_WARN_BOOL_CONVERSION = YES;
				CLANG_WARN_CONSTANT_CONVERSION = YES;
				CLANG_WARN_DIRECT_OBJC_ISA_USAGE = YES_ERROR;
				CLANG_WARN_EMPTY_BODY = YES;
				CLANG_WARN_ENUM_CONVERSION = YES;
				CLANG_WARN_INT_CONVERSION = YES;
				CLANG_WARN_OBJC_ROOT_CLASS = YES_ERROR;
				CLANG_WARN_UNREACHABLE_CODE = YES;
				CLANG_WARN__DUPLICATE_METHOD_MATCH = YES;
				"CODE_SIGN_IDENTITY[sdk=iphoneos*]" = "iPhone Developer";
				COPY_PHASE_STRIP = NO;
				DEBUG_INFORMATION_FORMAT = dwarf;
				ENABLE_STRICT_OBJC_MSGSEND = YES;
				ENABLE_TESTABILITY = YES;
				GCC_C_LANGUAGE_STANDARD = gnu99;
				GCC_DYNAMIC_NO_PIC = NO;
				GCC_NO_COMMON_BLOCKS = YES;
				GCC_OPTIMIZATION_LEVEL = 0;
				GCC_PREPROCESSOR_DEFINITIONS = (
					"DEBUG=1",
					"$(inherited)",
				);
				GCC_WARN_64_TO_32_BIT_CONVERSION = YES;
				GCC_WARN_ABOUT_RETURN_TYPE = YES_ERROR;
				GCC_WARN_UNDECLARED_SELECTOR = YES;
				GCC_WARN_UNINITIALIZED_AUTOS = YES_AGGRESSIVE;
				GCC_WARN_UNUSED_FUNCTION = YES;
				GCC_WARN_UNUSED_VARIABLE = YES;
				IPHONEOS_DEPLOYMENT_TARGET = 9.2;
				MTL_ENABLE_DEBUG_INFO = YES;
				ONLY_ACTIVE_ARCH = YES;
				SDKROOT = iphoneos;
				SWIFT_OPTIMIZATION_LEVEL = "-Onone";
				TARGETED_DEVICE_FAMILY = "1,2";
			};
			name = Debug;
		};
		7F3035D51CB845A800164D3B /* Release */ = {
			isa = XCBuildConfiguration;
			buildSettings = {
				ALWAYS_SEARCH_USER_PATHS = NO;
				CLANG_CXX_LANGUAGE_STANDARD = "gnu++0x";
				CLANG_CXX_LIBRARY = "libc++";
				CLANG_ENABLE_MODULES = YES;
				CLANG_ENABLE_OBJC_ARC = YES;
				CLANG_WARN_BOOL_CONVERSION = YES;
				CLANG_WARN_CONSTANT_CONVERSION = YES;
				CLANG_WARN_DIRECT_OBJC_ISA_USAGE = YES_ERROR;
				CLANG_WARN_EMPTY_BODY = YES;
				CLANG_WARN_ENUM_CONVERSION = YES;
				CLANG_WARN_INT_CONVERSION = YES;
				CLANG_WARN_OBJC_ROOT_CLASS = YES_ERROR;
				CLANG_WARN_UNREACHABLE_CODE = YES;
				CLANG_WARN__DUPLICATE_METHOD_MATCH = YES;
				"CODE_SIGN_IDENTITY[sdk=iphoneos*]" = "iPhone Developer";
				COPY_PHASE_STRIP = NO;
				DEBUG_INFORMATION_FORMAT = "dwarf-with-dsym";
				ENABLE_NS_ASSERTIONS = NO;
				ENABLE_STRICT_OBJC_MSGSEND = YES;
				GCC_C_LANGUAGE_STANDARD = gnu99;
				GCC_NO_COMMON_BLOCKS = YES;
				GCC_WARN_64_TO_32_BIT_CONVERSION = YES;
				GCC_WARN_ABOUT_RETURN_TYPE = YES_ERROR;
				GCC_WARN_UNDECLARED_SELECTOR = YES;
				GCC_WARN_UNINITIALIZED_AUTOS = YES_AGGRESSIVE;
				GCC_WARN_UNUSED_FUNCTION = YES;
				GCC_WARN_UNUSED_VARIABLE = YES;
				IPHONEOS_DEPLOYMENT_TARGET = 9.2;
				MTL_ENABLE_DEBUG_INFO = NO;
				SDKROOT = iphoneos;
				TARGETED_DEVICE_FAMILY = "1,2";
				VALIDATE_PRODUCT = YES;
			};
			name = Release;
		};
		7F3035D71CB845A800164D3B /* Debug */ = {
			isa = XCBuildConfiguration;
			buildSettings = {
				ASSETCATALOG_COMPILER_APPICON_NAME = AppIcon;
				INFOPLIST_FILE = PitchPerfect/Info.plist;
				LD_RUNPATH_SEARCH_PATHS = "$(inherited) @executable_path/Frameworks";
				PRODUCT_BUNDLE_IDENTIFIER = VennamEnterprises.PitchPerfect;
				PRODUCT_NAME = "$(TARGET_NAME)";
			};
			name = Debug;
		};
		7F3035D81CB845A800164D3B /* Release */ = {
			isa = XCBuildConfiguration;
			buildSettings = {
				ASSETCATALOG_COMPILER_APPICON_NAME = AppIcon;
				INFOPLIST_FILE = PitchPerfect/Info.plist;
				LD_RUNPATH_SEARCH_PATHS = "$(inherited) @executable_path/Frameworks";
				PRODUCT_BUNDLE_IDENTIFIER = VennamEnterprises.PitchPerfect;
				PRODUCT_NAME = "$(TARGET_NAME)";
			};
			name = Release;
		};
		7F3035DA1CB845A800164D3B /* Debug */ = {
			isa = XCBuildConfiguration;
			buildSettings = {
				BUNDLE_LOADER = "$(TEST_HOST)";
				INFOPLIST_FILE = PitchPerfectTests/Info.plist;
				LD_RUNPATH_SEARCH_PATHS = "$(inherited) @executable_path/Frameworks @loader_path/Frameworks";
				PRODUCT_BUNDLE_IDENTIFIER = VennamEnterprises.PitchPerfectTests;
				PRODUCT_NAME = "$(TARGET_NAME)";
				TEST_HOST = "$(BUILT_PRODUCTS_DIR)/PitchPerfect.app/PitchPerfect";
			};
			name = Debug;
		};
		7F3035DB1CB845A800164D3B /* Release */ = {
			isa = XCBuildConfiguration;
			buildSettings = {
				BUNDLE_LOADER = "$(TEST_HOST)";
				INFOPLIST_FILE = PitchPerfectTests/Info.plist;
				LD_RUNPATH_SEARCH_PATHS = "$(inherited) @executable_path/Frameworks @loader_path/Frameworks";
				PRODUCT_BUNDLE_IDENTIFIER = VennamEnterprises.PitchPerfectTests;
				PRODUCT_NAME = "$(TARGET_NAME)";
				TEST_HOST = "$(BUILT_PRODUCTS_DIR)/PitchPerfect.app/PitchPerfect";
			};
			name = Release;
		};
		7F3035DD1CB845A800164D3B /* Debug */ = {
			isa = XCBuildConfiguration;
			buildSettings = {
				INFOPLIST_FILE = PitchPerfectUITests/Info.plist;
				LD_RUNPATH_SEARCH_PATHS = "$(inherited) @executable_path/Frameworks @loader_path/Frameworks";
				PRODUCT_BUNDLE_IDENTIFIER = VennamEnterprises.PitchPerfectUITests;
				PRODUCT_NAME = "$(TARGET_NAME)";
				TEST_TARGET_NAME = PitchPerfect;
				USES_XCTRUNNER = YES;
			};
			name = Debug;
		};
		7F3035DE1CB845A800164D3B /* Release */ = {
			isa = XCBuildConfiguration;
			buildSettings = {
				INFOPLIST_FILE = PitchPerfectUITests/Info.plist;
				LD_RUNPATH_SEARCH_PATHS = "$(inherited) @executable_path/Frameworks @loader_path/Frameworks";
				PRODUCT_BUNDLE_IDENTIFIER = VennamEnterprises.PitchPerfectUITests;
				PRODUCT_NAME = "$(TARGET_NAME)";
				TEST_TARGET_NAME = PitchPerfect;
				USES_XCTRUNNER = YES;
			};
			name = Release;
		};
/* End XCBuildConfiguration section */

/* Begin XCConfigurationList section */
		7F3035A91CB845A800164D3B /* Build configuration list for PBXProject "PitchPerfect" */ = {
			isa = XCConfigurationList;
			buildConfigurations = (
				7F3035D41CB845A800164D3B /* Debug */,
				7F3035D51CB845A800164D3B /* Release */,
			);
			defaultConfigurationIsVisible = 0;
			defaultConfigurationName = Release;
		};
		7F3035D61CB845A800164D3B /* Build configuration list for PBXNativeTarget "PitchPerfect" */ = {
			isa = XCConfigurationList;
			buildConfigurations = (
				7F3035D71CB845A800164D3B /* Debug */,
				7F3035D81CB845A800164D3B /* Release */,
			);
			defaultConfigurationIsVisible = 0;
		};
		7F3035D91CB845A800164D3B /* Build configuration list for PBXNativeTarget "PitchPerfectTests" */ = {
			isa = XCConfigurationList;
			buildConfigurations = (
				7F3035DA1CB845A800164D3B /* Debug */,
				7F3035DB1CB845A800164D3B /* Release */,
			);
			defaultConfigurationIsVisible = 0;
		};
		7F3035DC1CB845A800164D3B /* Build configuration list for PBXNativeTarget "PitchPerfectUITests" */ = {
			isa = XCConfigurationList;
			buildConfigurations = (
				7F3035DD1CB845A800164D3B /* Debug */,
				7F3035DE1CB845A800164D3B /* Release */,
			);
			defaultConfigurationIsVisible = 0;
		};
/* End XCConfigurationList section */
	};
	rootObject = 7F3035A61CB845A800164D3B /* Project object */;
}
